# THIS IS AN AUTOGENERATED FILE. DO NOT EDIT THIS FILE DIRECTLY.
# yarn lockfile v1


d3@3.5.14:
  version "3.5.14"
  resolved "https://registry.yarnpkg.com/d3/-/d3-3.5.14.tgz#70e73d175f52f2a829bfbc3a9c1d264852662366"

esbuild@^0.12.18:
  version "0.12.18"
  resolved "https://registry.yarnpkg.com/esbuild/-/esbuild-0.12.18.tgz#e5db16372188c2b4d395f7f55fdade27f6a119fa"
  integrity sha512-arWhBQSy+oiBAp8VRRCFvAU+3jyf0gGacABLO3haMHboXCDjzq4WUqyQklst2XRuFS8MXgap+9uvODqj9Iygpg==

leaflet@0.7.5:
  version "0.7.5"
  resolved "https://registry.yarnpkg.com/leaflet/-/leaflet-0.7.5.tgz#6945476738d4c8973bb4c72e79b1d6be46a6bfc8"

lodash@^4.17.21:
  version "4.17.21"
  resolved "https://registry.yarnpkg.com/lodash/-/lodash-4.17.21.tgz#679591c564c3bffaae8454cf0b3df370c3d6911c"
  integrity sha512-v2kDEe57lecTulaDIuNTPy3Ry4gLGJ6Z1O3vE1krgXZNrsQ+LFTGHVxVjcXPs17LhbZVGedAJv8XZ1tvj5FvSg==
